// !$*UTF8*$!
{
	archiveVersion = 1;
	classes = {
	};
	objectVersion = 46;
	objects = {

/* Begin PBXBuildFile section */
		2536F5091F66756400F8CFC3 /* BeaconsViewController.swift in Sources */ = {isa = PBXBuildFile; fileRef = 2536F5081F66756400F8CFC3 /* BeaconsViewController.swift */; };
		C5E983F248770004A6C89C78 /* Pods_DynamosAI.framework in Frameworks */ = {isa = PBXBuildFile; fileRef = C57FEC23BB5E31A7EFE6F9B5 /* Pods_DynamosAI.framework */; };
		EF27F0781F5694E9001E6AA8 /* AppDelegate.swift in Sources */ = {isa = PBXBuildFile; fileRef = EF27F0771F5694E9001E6AA8 /* AppDelegate.swift */; };
		EF27F07D1F5694E9001E6AA8 /* Main.storyboard in Resources */ = {isa = PBXBuildFile; fileRef = EF27F07B1F5694E9001E6AA8 /* Main.storyboard */; };
		EF27F07F1F5694E9001E6AA8 /* Assets.xcassets in Resources */ = {isa = PBXBuildFile; fileRef = EF27F07E1F5694E9001E6AA8 /* Assets.xcassets */; };
		EF27F0821F5694E9001E6AA8 /* LaunchScreen.storyboard in Resources */ = {isa = PBXBuildFile; fileRef = EF27F0801F5694E9001E6AA8 /* LaunchScreen.storyboard */; };
		EF27F0901F5696F4001E6AA8 /* LoginViewController.swift in Sources */ = {isa = PBXBuildFile; fileRef = EF27F08F1F5696F4001E6AA8 /* LoginViewController.swift */; };
		EF27F0921F56970B001E6AA8 /* SignupViewController.swift in Sources */ = {isa = PBXBuildFile; fileRef = EF27F0911F56970B001E6AA8 /* SignupViewController.swift */; };
		EF27F0941F56972D001E6AA8 /* WelcomeViewController.swift in Sources */ = {isa = PBXBuildFile; fileRef = EF27F0931F56972D001E6AA8 /* WelcomeViewController.swift */; };
		EF27F0961F569752001E6AA8 /* FloorMapViewController.swift in Sources */ = {isa = PBXBuildFile; fileRef = EF27F0951F569752001E6AA8 /* FloorMapViewController.swift */; };
		EF27F0981F56980A001E6AA8 /* APIRouter.swift in Sources */ = {isa = PBXBuildFile; fileRef = EF27F0971F56980A001E6AA8 /* APIRouter.swift */; };
		EF27F09A1F56982C001E6AA8 /* Constants.swift in Sources */ = {isa = PBXBuildFile; fileRef = EF27F0991F56982C001E6AA8 /* Constants.swift */; };
		EF27F09C1F569D34001E6AA8 /* Utilities.swift in Sources */ = {isa = PBXBuildFile; fileRef = EF27F09B1F569D34001E6AA8 /* Utilities.swift */; };
		EF994DC51F57E7890013F207 /* LoginManager.swift in Sources */ = {isa = PBXBuildFile; fileRef = EF994DC41F57E7890013F207 /* LoginManager.swift */; };
		EF994DC81F57EB8D0013F207 /* ApplicationManager.swift in Sources */ = {isa = PBXBuildFile; fileRef = EF994DC71F57EB8D0013F207 /* ApplicationManager.swift */; };
		EF994DCA1F57EBA60013F207 /* BaseViewController.swift in Sources */ = {isa = PBXBuildFile; fileRef = EF994DC91F57EBA60013F207 /* BaseViewController.swift */; };
		EF994DCC1F57EBDA0013F207 /* Login.swift in Sources */ = {isa = PBXBuildFile; fileRef = EF994DCB1F57EBDA0013F207 /* Login.swift */; };
		EF994DCE1F57ECDB0013F207 /* Signup.swift in Sources */ = {isa = PBXBuildFile; fileRef = EF994DCD1F57ECDB0013F207 /* Signup.swift */; };
		EF994DD01F58108F0013F207 /* APIManager.swift in Sources */ = {isa = PBXBuildFile; fileRef = EF994DCF1F58108F0013F207 /* APIManager.swift */; };
		EFB7449A1F5E7DED0063CF7A /* LoginResponse.swift in Sources */ = {isa = PBXBuildFile; fileRef = EFB744991F5E7DED0063CF7A /* LoginResponse.swift */; };
		EFB7449C1F5EAA490063CF7A /* SignupResponse.swift in Sources */ = {isa = PBXBuildFile; fileRef = EFB7449B1F5EAA490063CF7A /* SignupResponse.swift */; };
		EFB7449E1F5EB0130063CF7A /* EventManager.swift in Sources */ = {isa = PBXBuildFile; fileRef = EFB7449D1F5EB0130063CF7A /* EventManager.swift */; };
		EFB744A21F5EB0310063CF7A /* Event.swift in Sources */ = {isa = PBXBuildFile; fileRef = EFB744A11F5EB0310063CF7A /* Event.swift */; };
		EFB744A41F5EB0540063CF7A /* EventsTableViewController.swift in Sources */ = {isa = PBXBuildFile; fileRef = EFB744A31F5EB0540063CF7A /* EventsTableViewController.swift */; };
		EFB744AA1F5EB6000063CF7A /* EventListResponse.swift in Sources */ = {isa = PBXBuildFile; fileRef = EFB744A91F5EB6000063CF7A /* EventListResponse.swift */; };
		EFB744AC1F5EB9F30063CF7A /* EventMap.swift in Sources */ = {isa = PBXBuildFile; fileRef = EFB744AB1F5EB9F30063CF7A /* EventMap.swift */; };
		EFB744AE1F5EBBD40063CF7A /* EventMapResponse.swift in Sources */ = {isa = PBXBuildFile; fileRef = EFB744AD1F5EBBD40063CF7A /* EventMapResponse.swift */; };
/* End PBXBuildFile section */

/* Begin PBXFileReference section */
		0D625D9A6AE4C231472A9AE8 /* Pods-DynamosAI.release.xcconfig */ = {isa = PBXFileReference; includeInIndex = 1; lastKnownFileType = text.xcconfig; name = "Pods-DynamosAI.release.xcconfig"; path = "Pods/Target Support Files/Pods-DynamosAI/Pods-DynamosAI.release.xcconfig"; sourceTree = "<group>"; };
		2536F5081F66756400F8CFC3 /* BeaconsViewController.swift */ = {isa = PBXFileReference; fileEncoding = 4; lastKnownFileType = sourcecode.swift; path = BeaconsViewController.swift; sourceTree = "<group>"; };
		45254392A04E7C76ABCEECEA /* Pods-DynamosAI.debug.xcconfig */ = {isa = PBXFileReference; includeInIndex = 1; lastKnownFileType = text.xcconfig; name = "Pods-DynamosAI.debug.xcconfig"; path = "Pods/Target Support Files/Pods-DynamosAI/Pods-DynamosAI.debug.xcconfig"; sourceTree = "<group>"; };
		C57FEC23BB5E31A7EFE6F9B5 /* Pods_DynamosAI.framework */ = {isa = PBXFileReference; explicitFileType = wrapper.framework; includeInIndex = 0; path = Pods_DynamosAI.framework; sourceTree = BUILT_PRODUCTS_DIR; };
		EF27F0741F5694E9001E6AA8 /* DynamosAI.app */ = {isa = PBXFileReference; explicitFileType = wrapper.application; includeInIndex = 0; path = DynamosAI.app; sourceTree = BUILT_PRODUCTS_DIR; };
		EF27F0771F5694E9001E6AA8 /* AppDelegate.swift */ = {isa = PBXFileReference; lastKnownFileType = sourcecode.swift; path = AppDelegate.swift; sourceTree = "<group>"; };
		EF27F07C1F5694E9001E6AA8 /* Base */ = {isa = PBXFileReference; lastKnownFileType = file.storyboard; name = Base; path = Base.lproj/Main.storyboard; sourceTree = "<group>"; };
		EF27F07E1F5694E9001E6AA8 /* Assets.xcassets */ = {isa = PBXFileReference; lastKnownFileType = folder.assetcatalog; path = Assets.xcassets; sourceTree = "<group>"; };
		EF27F0811F5694E9001E6AA8 /* Base */ = {isa = PBXFileReference; lastKnownFileType = file.storyboard; name = Base; path = Base.lproj/LaunchScreen.storyboard; sourceTree = "<group>"; };
		EF27F0831F5694E9001E6AA8 /* Info.plist */ = {isa = PBXFileReference; lastKnownFileType = text.plist.xml; path = Info.plist; sourceTree = "<group>"; };
		EF27F08F1F5696F4001E6AA8 /* LoginViewController.swift */ = {isa = PBXFileReference; fileEncoding = 4; lastKnownFileType = sourcecode.swift; path = LoginViewController.swift; sourceTree = "<group>"; };
		EF27F0911F56970B001E6AA8 /* SignupViewController.swift */ = {isa = PBXFileReference; fileEncoding = 4; lastKnownFileType = sourcecode.swift; path = SignupViewController.swift; sourceTree = "<group>"; };
		EF27F0931F56972D001E6AA8 /* WelcomeViewController.swift */ = {isa = PBXFileReference; fileEncoding = 4; lastKnownFileType = sourcecode.swift; path = WelcomeViewController.swift; sourceTree = "<group>"; };
		EF27F0951F569752001E6AA8 /* FloorMapViewController.swift */ = {isa = PBXFileReference; fileEncoding = 4; lastKnownFileType = sourcecode.swift; path = FloorMapViewController.swift; sourceTree = "<group>"; };
		EF27F0971F56980A001E6AA8 /* APIRouter.swift */ = {isa = PBXFileReference; fileEncoding = 4; lastKnownFileType = sourcecode.swift; path = APIRouter.swift; sourceTree = "<group>"; };
		EF27F0991F56982C001E6AA8 /* Constants.swift */ = {isa = PBXFileReference; fileEncoding = 4; lastKnownFileType = sourcecode.swift; path = Constants.swift; sourceTree = "<group>"; };
		EF27F09B1F569D34001E6AA8 /* Utilities.swift */ = {isa = PBXFileReference; fileEncoding = 4; lastKnownFileType = sourcecode.swift; path = Utilities.swift; sourceTree = "<group>"; };
		EF994DC41F57E7890013F207 /* LoginManager.swift */ = {isa = PBXFileReference; fileEncoding = 4; lastKnownFileType = sourcecode.swift; path = LoginManager.swift; sourceTree = "<group>"; };
		EF994DC71F57EB8D0013F207 /* ApplicationManager.swift */ = {isa = PBXFileReference; fileEncoding = 4; lastKnownFileType = sourcecode.swift; path = ApplicationManager.swift; sourceTree = "<group>"; };
		EF994DC91F57EBA60013F207 /* BaseViewController.swift */ = {isa = PBXFileReference; fileEncoding = 4; lastKnownFileType = sourcecode.swift; path = BaseViewController.swift; sourceTree = "<group>"; };
		EF994DCB1F57EBDA0013F207 /* Login.swift */ = {isa = PBXFileReference; fileEncoding = 4; lastKnownFileType = sourcecode.swift; path = Login.swift; sourceTree = "<group>"; };
		EF994DCD1F57ECDB0013F207 /* Signup.swift */ = {isa = PBXFileReference; fileEncoding = 4; lastKnownFileType = sourcecode.swift; path = Signup.swift; sourceTree = "<group>"; };
		EF994DCF1F58108F0013F207 /* APIManager.swift */ = {isa = PBXFileReference; fileEncoding = 4; lastKnownFileType = sourcecode.swift; path = APIManager.swift; sourceTree = "<group>"; };
		EFB744991F5E7DED0063CF7A /* LoginResponse.swift */ = {isa = PBXFileReference; fileEncoding = 4; lastKnownFileType = sourcecode.swift; path = LoginResponse.swift; sourceTree = "<group>"; };
		EFB7449B1F5EAA490063CF7A /* SignupResponse.swift */ = {isa = PBXFileReference; fileEncoding = 4; lastKnownFileType = sourcecode.swift; path = SignupResponse.swift; sourceTree = "<group>"; };
		EFB7449D1F5EB0130063CF7A /* EventManager.swift */ = {isa = PBXFileReference; fileEncoding = 4; lastKnownFileType = sourcecode.swift; path = EventManager.swift; sourceTree = "<group>"; };
		EFB744A11F5EB0310063CF7A /* Event.swift */ = {isa = PBXFileReference; fileEncoding = 4; lastKnownFileType = sourcecode.swift; path = Event.swift; sourceTree = "<group>"; };
		EFB744A31F5EB0540063CF7A /* EventsTableViewController.swift */ = {isa = PBXFileReference; fileEncoding = 4; lastKnownFileType = sourcecode.swift; path = EventsTableViewController.swift; sourceTree = "<group>"; };
		EFB744A91F5EB6000063CF7A /* EventListResponse.swift */ = {isa = PBXFileReference; fileEncoding = 4; lastKnownFileType = sourcecode.swift; path = EventListResponse.swift; sourceTree = "<group>"; };
		EFB744AB1F5EB9F30063CF7A /* EventMap.swift */ = {isa = PBXFileReference; fileEncoding = 4; lastKnownFileType = sourcecode.swift; path = EventMap.swift; sourceTree = "<group>"; };
		EFB744AD1F5EBBD40063CF7A /* EventMapResponse.swift */ = {isa = PBXFileReference; fileEncoding = 4; lastKnownFileType = sourcecode.swift; path = EventMapResponse.swift; sourceTree = "<group>"; };
/* End PBXFileReference section */

/* Begin PBXFrameworksBuildPhase section */
		EF27F0711F5694E9001E6AA8 /* Frameworks */ = {
			isa = PBXFrameworksBuildPhase;
			buildActionMask = 2147483647;
			files = (
				C5E983F248770004A6C89C78 /* Pods_DynamosAI.framework in Frameworks */,
			);
			runOnlyForDeploymentPostprocessing = 0;
		};
/* End PBXFrameworksBuildPhase section */

/* Begin PBXGroup section */
		2536F5071F66750B00F8CFC3 /* Beacon */ = {
			isa = PBXGroup;
			children = (
				2536F50A1F66764200F8CFC3 /* Controllers */,
			);
			name = Beacon;
			sourceTree = "<group>";
		};
		2536F50A1F66764200F8CFC3 /* Controllers */ = {
			isa = PBXGroup;
			children = (
				2536F5081F66756400F8CFC3 /* BeaconsViewController.swift */,
			);
			name = Controllers;
			sourceTree = "<group>";
		};
		5482E4CBB6743FE541454553 /* Frameworks */ = {
			isa = PBXGroup;
			children = (
				C57FEC23BB5E31A7EFE6F9B5 /* Pods_DynamosAI.framework */,
			);
			name = Frameworks;
			sourceTree = "<group>";
		};
		AC58F593631A901D677BA409 /* Pods */ = {
			isa = PBXGroup;
			children = (
				45254392A04E7C76ABCEECEA /* Pods-DynamosAI.debug.xcconfig */,
				0D625D9A6AE4C231472A9AE8 /* Pods-DynamosAI.release.xcconfig */,
			);
			name = Pods;
			sourceTree = "<group>";
		};
		EF27F06B1F5694E9001E6AA8 = {
			isa = PBXGroup;
			children = (
				EF27F0761F5694E9001E6AA8 /* DynamosAI */,
				EF27F0751F5694E9001E6AA8 /* Products */,
				AC58F593631A901D677BA409 /* Pods */,
				5482E4CBB6743FE541454553 /* Frameworks */,
			);
			sourceTree = "<group>";
		};
		EF27F0751F5694E9001E6AA8 /* Products */ = {
			isa = PBXGroup;
			children = (
				EF27F0741F5694E9001E6AA8 /* DynamosAI.app */,
			);
			name = Products;
			sourceTree = "<group>";
		};
		EF27F0761F5694E9001E6AA8 /* DynamosAI */ = {
			isa = PBXGroup;
			children = (
				EF27F0891F569647001E6AA8 /* Application */,
				EF27F08A1F56964D001E6AA8 /* Modules */,
				EF27F08B1F56965C001E6AA8 /* Utilities */,
				EF27F08C1F569677001E6AA8 /* Web Service */,
				EF27F07B1F5694E9001E6AA8 /* Main.storyboard */,
				EF27F07E1F5694E9001E6AA8 /* Assets.xcassets */,
				EF27F0801F5694E9001E6AA8 /* LaunchScreen.storyboard */,
				EF27F0831F5694E9001E6AA8 /* Info.plist */,
			);
			path = DynamosAI;
			sourceTree = "<group>";
		};
		EF27F0891F569647001E6AA8 /* Application */ = {
			isa = PBXGroup;
			children = (
				EF27F0771F5694E9001E6AA8 /* AppDelegate.swift */,
				EF994DC71F57EB8D0013F207 /* ApplicationManager.swift */,
				EF994DC91F57EBA60013F207 /* BaseViewController.swift */,
			);
			name = Application;
			sourceTree = "<group>";
		};
		EF27F08A1F56964D001E6AA8 /* Modules */ = {
			isa = PBXGroup;
			children = (
				2536F5071F66750B00F8CFC3 /* Beacon */,
				EF27F08D1F5696C2001E6AA8 /* Login */,
				EF27F08E1F5696CE001E6AA8 /* Event Map */,
			);
			name = Modules;
			sourceTree = "<group>";
		};
		EF27F08B1F56965C001E6AA8 /* Utilities */ = {
			isa = PBXGroup;
			children = (
				EF27F0991F56982C001E6AA8 /* Constants.swift */,
				EF27F09B1F569D34001E6AA8 /* Utilities.swift */,
			);
			name = Utilities;
			sourceTree = "<group>";
		};
		EF27F08C1F569677001E6AA8 /* Web Service */ = {
			isa = PBXGroup;
			children = (
				EF27F0971F56980A001E6AA8 /* APIRouter.swift */,
				EF994DCF1F58108F0013F207 /* APIManager.swift */,
			);
			name = "Web Service";
			sourceTree = "<group>";
		};
		EF27F08D1F5696C2001E6AA8 /* Login */ = {
			isa = PBXGroup;
			children = (
				EF994DC31F57E76B0013F207 /* Model */,
				EF994DC21F57E75C0013F207 /* Controllers */,
			);
			name = Login;
			sourceTree = "<group>";
		};
		EF27F08E1F5696CE001E6AA8 /* Event Map */ = {
			isa = PBXGroup;
			children = (
				EFB744A61F5EB0660063CF7A /* Model */,
				EFB744A51F5EB0590063CF7A /* Controllers */,
			);
			name = "Event Map";
			sourceTree = "<group>";
		};
		EF994DC21F57E75C0013F207 /* Controllers */ = {
			isa = PBXGroup;
			children = (
				EF27F08F1F5696F4001E6AA8 /* LoginViewController.swift */,
				EF27F0911F56970B001E6AA8 /* SignupViewController.swift */,
				EF27F0931F56972D001E6AA8 /* WelcomeViewController.swift */,
			);
			name = Controllers;
			sourceTree = "<group>";
		};
		EF994DC31F57E76B0013F207 /* Model */ = {
			isa = PBXGroup;
			children = (
				EF994DC41F57E7890013F207 /* LoginManager.swift */,
				EF994DCB1F57EBDA0013F207 /* Login.swift */,
				EFB744991F5E7DED0063CF7A /* LoginResponse.swift */,
				EFB7449B1F5EAA490063CF7A /* SignupResponse.swift */,
				EF994DCD1F57ECDB0013F207 /* Signup.swift */,
			);
			name = Model;
			sourceTree = "<group>";
		};
		EFB744A51F5EB0590063CF7A /* Controllers */ = {
			isa = PBXGroup;
			children = (
				EF27F0951F569752001E6AA8 /* FloorMapViewController.swift */,
				EFB744A31F5EB0540063CF7A /* EventsTableViewController.swift */,
			);
			name = Controllers;
			sourceTree = "<group>";
		};
		EFB744A61F5EB0660063CF7A /* Model */ = {
			isa = PBXGroup;
			children = (
				EFB744A11F5EB0310063CF7A /* Event.swift */,
				EFB744AB1F5EB9F30063CF7A /* EventMap.swift */,
				EFB744AD1F5EBBD40063CF7A /* EventMapResponse.swift */,
				EFB744A91F5EB6000063CF7A /* EventListResponse.swift */,
				EFB7449D1F5EB0130063CF7A /* EventManager.swift */,
			);
			name = Model;
			sourceTree = "<group>";
		};
/* End PBXGroup section */

/* Begin PBXNativeTarget section */
		EF27F0731F5694E9001E6AA8 /* DynamosAI */ = {
			isa = PBXNativeTarget;
			buildConfigurationList = EF27F0861F5694E9001E6AA8 /* Build configuration list for PBXNativeTarget "DynamosAI" */;
			buildPhases = (
				C2A3231E2408CFAB893EAE91 /* [CP] Check Pods Manifest.lock */,
				EF27F0701F5694E9001E6AA8 /* Sources */,
				EF27F0711F5694E9001E6AA8 /* Frameworks */,
				EF27F0721F5694E9001E6AA8 /* Resources */,
				6E1A7EDB5A0AE218E0DF635E /* [CP] Embed Pods Frameworks */,
				74AD0BC6C294BB94CFD7C9B7 /* [CP] Copy Pods Resources */,
			);
			buildRules = (
			);
			dependencies = (
			);
			name = DynamosAI;
			productName = DynamosAI;
			productReference = EF27F0741F5694E9001E6AA8 /* DynamosAI.app */;
			productType = "com.apple.product-type.application";
		};
/* End PBXNativeTarget section */

/* Begin PBXProject section */
		EF27F06C1F5694E9001E6AA8 /* Project object */ = {
			isa = PBXProject;
			attributes = {
				LastSwiftUpdateCheck = 0830;
				LastUpgradeCheck = 0830;
				ORGANIZATIONNAME = Cabot;
				TargetAttributes = {
					EF27F0731F5694E9001E6AA8 = {
						CreatedOnToolsVersion = 8.3;
						DevelopmentTeam = DBD2DBFKN6;
						ProvisioningStyle = Automatic;
					};
				};
			};
			buildConfigurationList = EF27F06F1F5694E9001E6AA8 /* Build configuration list for PBXProject "DynamosAI" */;
			compatibilityVersion = "Xcode 3.2";
			developmentRegion = English;
			hasScannedForEncodings = 0;
			knownRegions = (
				en,
				Base,
			);
			mainGroup = EF27F06B1F5694E9001E6AA8;
			productRefGroup = EF27F0751F5694E9001E6AA8 /* Products */;
			projectDirPath = "";
			projectRoot = "";
			targets = (
				EF27F0731F5694E9001E6AA8 /* DynamosAI */,
			);
		};
/* End PBXProject section */

/* Begin PBXResourcesBuildPhase section */
		EF27F0721F5694E9001E6AA8 /* Resources */ = {
			isa = PBXResourcesBuildPhase;
			buildActionMask = 2147483647;
			files = (
				EF27F0821F5694E9001E6AA8 /* LaunchScreen.storyboard in Resources */,
				EF27F07F1F5694E9001E6AA8 /* Assets.xcassets in Resources */,
				EF27F07D1F5694E9001E6AA8 /* Main.storyboard in Resources */,
			);
			runOnlyForDeploymentPostprocessing = 0;
		};
/* End PBXResourcesBuildPhase section */

/* Begin PBXShellScriptBuildPhase section */
		6E1A7EDB5A0AE218E0DF635E /* [CP] Embed Pods Frameworks */ = {
			isa = PBXShellScriptBuildPhase;
			buildActionMask = 2147483647;
			files = (
			);
			inputPaths = (
			);
			name = "[CP] Embed Pods Frameworks";
			outputPaths = (
			);
			runOnlyForDeploymentPostprocessing = 0;
			shellPath = /bin/sh;
			shellScript = "\"${SRCROOT}/Pods/Target Support Files/Pods-DynamosAI/Pods-DynamosAI-frameworks.sh\"\n";
			showEnvVarsInLog = 0;
		};
		74AD0BC6C294BB94CFD7C9B7 /* [CP] Copy Pods Resources */ = {
			isa = PBXShellScriptBuildPhase;
			buildActionMask = 2147483647;
			files = (
			);
			inputPaths = (
			);
			name = "[CP] Copy Pods Resources";
			outputPaths = (
			);
			runOnlyForDeploymentPostprocessing = 0;
			shellPath = /bin/sh;
			shellScript = "\"${SRCROOT}/Pods/Target Support Files/Pods-DynamosAI/Pods-DynamosAI-resources.sh\"\n";
			showEnvVarsInLog = 0;
		};
		C2A3231E2408CFAB893EAE91 /* [CP] Check Pods Manifest.lock */ = {
			isa = PBXShellScriptBuildPhase;
			buildActionMask = 2147483647;
			files = (
			);
			inputPaths = (
			);
			name = "[CP] Check Pods Manifest.lock";
			outputPaths = (
			);
			runOnlyForDeploymentPostprocessing = 0;
			shellPath = /bin/sh;
			shellScript = "diff \"${PODS_PODFILE_DIR_PATH}/Podfile.lock\" \"${PODS_ROOT}/Manifest.lock\" > /dev/null\nif [ $? != 0 ] ; then\n    # print error to STDERR\n    echo \"error: The sandbox is not in sync with the Podfile.lock. Run 'pod install' or update your CocoaPods installation.\" >&2\n    exit 1\nfi\n";
			showEnvVarsInLog = 0;
		};
/* End PBXShellScriptBuildPhase section */

/* Begin PBXSourcesBuildPhase section */
		EF27F0701F5694E9001E6AA8 /* Sources */ = {
			isa = PBXSourcesBuildPhase;
			buildActionMask = 2147483647;
			files = (
				EF27F0921F56970B001E6AA8 /* SignupViewController.swift in Sources */,
				EF27F0981F56980A001E6AA8 /* APIRouter.swift in Sources */,
				EF994DCA1F57EBA60013F207 /* BaseViewController.swift in Sources */,
				EFB744AE1F5EBBD40063CF7A /* EventMapResponse.swift in Sources */,
				EF994DCC1F57EBDA0013F207 /* Login.swift in Sources */,
				EFB7449C1F5EAA490063CF7A /* SignupResponse.swift in Sources */,
				EFB744AA1F5EB6000063CF7A /* EventListResponse.swift in Sources */,
				EF994DC81F57EB8D0013F207 /* ApplicationManager.swift in Sources */,
				EFB744A21F5EB0310063CF7A /* Event.swift in Sources */,
				2536F5091F66756400F8CFC3 /* BeaconsViewController.swift in Sources */,
				EFB7449E1F5EB0130063CF7A /* EventManager.swift in Sources */,
				EFB744AC1F5EB9F30063CF7A /* EventMap.swift in Sources */,
				EF27F0941F56972D001E6AA8 /* WelcomeViewController.swift in Sources */,
				EF994DD01F58108F0013F207 /* APIManager.swift in Sources */,
				EF27F0901F5696F4001E6AA8 /* LoginViewController.swift in Sources */,
				EF994DCE1F57ECDB0013F207 /* Signup.swift in Sources */,
				EF27F09A1F56982C001E6AA8 /* Constants.swift in Sources */,
				EF994DC51F57E7890013F207 /* LoginManager.swift in Sources */,
				EF27F0781F5694E9001E6AA8 /* AppDelegate.swift in Sources */,
				EF27F09C1F569D34001E6AA8 /* Utilities.swift in Sources */,
				EF27F0961F569752001E6AA8 /* FloorMapViewController.swift in Sources */,
				EFB744A41F5EB0540063CF7A /* EventsTableViewController.swift in Sources */,
				EFB7449A1F5E7DED0063CF7A /* LoginResponse.swift in Sources */,
			);
			runOnlyForDeploymentPostprocessing = 0;
		};
/* End PBXSourcesBuildPhase section */

/* Begin PBXVariantGroup section */
		EF27F07B1F5694E9001E6AA8 /* Main.storyboard */ = {
			isa = PBXVariantGroup;
			children = (
				EF27F07C1F5694E9001E6AA8 /* Base */,
			);
			name = Main.storyboard;
			sourceTree = "<group>";
		};
		EF27F0801F5694E9001E6AA8 /* LaunchScreen.storyboard */ = {
			isa = PBXVariantGroup;
			children = (
				EF27F0811F5694E9001E6AA8 /* Base */,
			);
			name = LaunchScreen.storyboard;
			sourceTree = "<group>";
		};
/* End PBXVariantGroup section */

/* Begin XCBuildConfiguration section */
		EF27F0841F5694E9001E6AA8 /* Debug */ = {
			isa = XCBuildConfiguration;
			buildSettings = {
				ALWAYS_SEARCH_USER_PATHS = NO;
				CLANG_ANALYZER_NONNULL = YES;
				CLANG_ANALYZER_NUMBER_OBJECT_CONVERSION = YES_AGGRESSIVE;
				CLANG_CXX_LANGUAGE_STANDARD = "gnu++0x";
				CLANG_CXX_LIBRARY = "libc++";
				CLANG_ENABLE_MODULES = YES;
				CLANG_ENABLE_OBJC_ARC = YES;
				CLANG_WARN_BOOL_CONVERSION = YES;
				CLANG_WARN_CONSTANT_CONVERSION = YES;
				CLANG_WARN_DIRECT_OBJC_ISA_USAGE = YES_ERROR;
				CLANG_WARN_DOCUMENTATION_COMMENTS = YES;
				CLANG_WARN_EMPTY_BODY = YES;
				CLANG_WARN_ENUM_CONVERSION = YES;
				CLANG_WARN_INFINITE_RECURSION = YES;
				CLANG_WARN_INT_CONVERSION = YES;
				CLANG_WARN_OBJC_ROOT_CLASS = YES_ERROR;
				CLANG_WARN_SUSPICIOUS_MOVE = YES;
				CLANG_WARN_UNREACHABLE_CODE = YES;
				CLANG_WARN__DUPLICATE_METHOD_MATCH = YES;
				"CODE_SIGN_IDENTITY[sdk=iphoneos*]" = "iPhone Developer";
				COPY_PHASE_STRIP = NO;
				DEBUG_INFORMATION_FORMAT = dwarf;
				ENABLE_STRICT_OBJC_MSGSEND = YES;
				ENABLE_TESTABILITY = YES;
				GCC_C_LANGUAGE_STANDARD = gnu99;
				GCC_DYNAMIC_NO_PIC = NO;
				GCC_NO_COMMON_BLOCKS = YES;
				GCC_OPTIMIZATION_LEVEL = 0;
				GCC_PREPROCESSOR_DEFINITIONS = (
					"DEBUG=1",
					"$(inherited)",
				);
				GCC_WARN_64_TO_32_BIT_CONVERSION = YES;
				GCC_WARN_ABOUT_RETURN_TYPE = YES_ERROR;
				GCC_WARN_UNDECLARED_SELECTOR = YES;
				GCC_WARN_UNINITIALIZED_AUTOS = YES_AGGRESSIVE;
				GCC_WARN_UNUSED_FUNCTION = YES;
				GCC_WARN_UNUSED_VARIABLE = YES;
				IPHONEOS_DEPLOYMENT_TARGET = 10.3;
				MTL_ENABLE_DEBUG_INFO = YES;
				ONLY_ACTIVE_ARCH = YES;
				SDKROOT = iphoneos;
				SWIFT_ACTIVE_COMPILATION_CONDITIONS = DEBUG;
				SWIFT_OPTIMIZATION_LEVEL = "-Onone";
			};
			name = Debug;
		};
		EF27F0851F5694E9001E6AA8 /* Release */ = {
			isa = XCBuildConfiguration;
			buildSettings = {
				ALWAYS_SEARCH_USER_PATHS = NO;
				CLANG_ANALYZER_NONNULL = YES;
				CLANG_ANALYZER_NUMBER_OBJECT_CONVERSION = YES_AGGRESSIVE;
				CLANG_CXX_LANGUAGE_STANDARD = "gnu++0x";
				CLANG_CXX_LIBRARY = "libc++";
				CLANG_ENABLE_MODULES = YES;
				CLANG_ENABLE_OBJC_ARC = YES;
				CLANG_WARN_BOOL_CONVERSION = YES;
				CLANG_WARN_CONSTANT_CONVERSION = YES;
				CLANG_WARN_DIRECT_OBJC_ISA_USAGE = YES_ERROR;
				CLANG_WARN_DOCUMENTATION_COMMENTS = YES;
				CLANG_WARN_EMPTY_BODY = YES;
				CLANG_WARN_ENUM_CONVERSION = YES;
				CLANG_WARN_INFINITE_RECURSION = YES;
				CLANG_WARN_INT_CONVERSION = YES;
				CLANG_WARN_OBJC_ROOT_CLASS = YES_ERROR;
				CLANG_WARN_SUSPICIOUS_MOVE = YES;
				CLANG_WARN_UNREACHABLE_CODE = YES;
				CLANG_WARN__DUPLICATE_METHOD_MATCH = YES;
				"CODE_SIGN_IDENTITY[sdk=iphoneos*]" = "iPhone Developer";
				COPY_PHASE_STRIP = NO;
				DEBUG_INFORMATION_FORMAT = "dwarf-with-dsym";
				ENABLE_NS_ASSERTIONS = NO;
				ENABLE_STRICT_OBJC_MSGSEND = YES;
				GCC_C_LANGUAGE_STANDARD = gnu99;
				GCC_NO_COMMON_BLOCKS = YES;
				GCC_WARN_64_TO_32_BIT_CONVERSION = YES;
				GCC_WARN_ABOUT_RETURN_TYPE = YES_ERROR;
				GCC_WARN_UNDECLARED_SELECTOR = YES;
				GCC_WARN_UNINITIALIZED_AUTOS = YES_AGGRESSIVE;
				GCC_WARN_UNUSED_FUNCTION = YES;
				GCC_WARN_UNUSED_VARIABLE = YES;
				IPHONEOS_DEPLOYMENT_TARGET = 10.3;
				MTL_ENABLE_DEBUG_INFO = NO;
				SDKROOT = iphoneos;
				SWIFT_OPTIMIZATION_LEVEL = "-Owholemodule";
				VALIDATE_PRODUCT = YES;
			};
			name = Release;
		};
		EF27F0871F5694E9001E6AA8 /* Debug */ = {
			isa = XCBuildConfiguration;
			baseConfigurationReference = 45254392A04E7C76ABCEECEA /* Pods-DynamosAI.debug.xcconfig */;
			buildSettings = {
				ASSETCATALOG_COMPILER_APPICON_NAME = AppIcon;
				DEVELOPMENT_TEAM = DBD2DBFKN6;
				INFOPLIST_FILE = DynamosAI/Info.plist;
				IPHONEOS_DEPLOYMENT_TARGET = 9.0;
				LD_RUNPATH_SEARCH_PATHS = "$(inherited) @executable_path/Frameworks";
				PRODUCT_BUNDLE_IDENTIFIER = cabot.DynamosAI;
				PRODUCT_NAME = "$(TARGET_NAME)";
				SWIFT_VERSION = 3.0;
			};
			name = Debug;
		};
		EF27F0881F5694E9001E6AA8 /* Release */ = {
			isa = XCBuildConfiguration;
			baseConfigurationReference = 0D625D9A6AE4C231472A9AE8 /* Pods-DynamosAI.release.xcconfig */;
			buildSettings = {
				ASSETCATALOG_COMPILER_APPICON_NAME = AppIcon;
				DEVELOPMENT_TEAM = DBD2DBFKN6;
				INFOPLIST_FILE = DynamosAI/Info.plist;
				IPHONEOS_DEPLOYMENT_TARGET = 9.0;
				LD_RUNPATH_SEARCH_PATHS = "$(inherited) @executable_path/Frameworks";
				PRODUCT_BUNDLE_IDENTIFIER = cabot.DynamosAI;
				PRODUCT_NAME = "$(TARGET_NAME)";
				SWIFT_VERSION = 3.0;
			};
			name = Release;
		};
/* End XCBuildConfiguration section */

/* Begin XCConfigurationList section */
		EF27F06F1F5694E9001E6AA8 /* Build configuration list for PBXProject "DynamosAI" */ = {
			isa = XCConfigurationList;
			buildConfigurations = (
				EF27F0841F5694E9001E6AA8 /* Debug */,
				EF27F0851F5694E9001E6AA8 /* Release */,
			);
			defaultConfigurationIsVisible = 0;
			defaultConfigurationName = Release;
		};
		EF27F0861F5694E9001E6AA8 /* Build configuration list for PBXNativeTarget "DynamosAI" */ = {
			isa = XCConfigurationList;
			buildConfigurations = (
				EF27F0871F5694E9001E6AA8 /* Debug */,
				EF27F0881F5694E9001E6AA8 /* Release */,
			);
			defaultConfigurationIsVisible = 0;
			defaultConfigurationName = Release;
		};
/* End XCConfigurationList section */
	};
	rootObject = EF27F06C1F5694E9001E6AA8 /* Project object */;
}
